
Microsoft Visual Studio Solution File, Format Version 12.00
# Visual Studio Version 17
VisualStudioVersion = 17.3.32929.385
MinimumVisualStudioVersion = 10.0.40219.1
Project("{FAE04EC0-301F-11D3-BF4B-00C04F79EFBC}") = "AssetManagement.DTO", "AssetManagement.DTO\AssetManagement.DTO.csproj", "{A18FCF3D-5E05-4267-B80B-7B94AC6E2D52}"
EndProject
Project("{FAE04EC0-301F-11D3-BF4B-00C04F79EFBC}") = "AssetManagement.UI", "AssetManagement.UI\AssetManagement.UI.csproj", "{AB7D63A4-8C46-461A-8953-8CE79B04238E}"
EndProject
Project("{FAE04EC0-301F-11D3-BF4B-00C04F79EFBC}") = "AssetManagement.Provider", "AssetManagement.Provider\AssetManagement.Provider.csproj", "{6449F0B1-8537-41D5-8671-AF01D29EB8B1}"
EndProject
Project("{FAE04EC0-301F-11D3-BF4B-00C04F79EFBC}") = "AssetManagement.DAL", "AssetManagement.DAL\AssetManagement.DAL.csproj", "{41018E02-990B-44FC-922D-2D1BB09C87AE}"
EndProject
Project("{FAE04EC0-301F-11D3-BF4B-00C04F79EFBC}") = "AssetManagement.Common", "AssetManagement.Common\AssetManagement.Common.csproj", "{FE93E3E5-2570-4BA5-8903-9416039F787A}"
EndProject
Global
	GlobalSection(SolutionConfigurationPlatforms) = preSolution
		Debug|Any CPU = Debug|Any CPU
		Release|Any CPU = Release|Any CPU
	EndGlobalSection
	GlobalSection(ProjectConfigurationPlatforms) = postSolution
		{A18FCF3D-5E05-4267-B80B-7B94AC6E2D52}.Debug|Any CPU.ActiveCfg = Debug|Any CPU
		{A18FCF3D-5E05-4267-B80B-7B94AC6E2D52}.Debug|Any CPU.Build.0 = Debug|Any CPU
		{A18FCF3D-5E05-4267-B80B-7B94AC6E2D52}.Release|Any CPU.ActiveCfg = Release|Any CPU
		{A18FCF3D-5E05-4267-B80B-7B94AC6E2D52}.Release|Any CPU.Build.0 = Release|Any CPU
		{AB7D63A4-8C46-461A-8953-8CE79B04238E}.Debug|Any CPU.ActiveCfg = Debug|Any CPU
		{AB7D63A4-8C46-461A-8953-8CE79B04238E}.Debug|Any CPU.Build.0 = Debug|Any CPU
		{AB7D63A4-8C46-461A-8953-8CE79B04238E}.Release|Any CPU.ActiveCfg = Release|Any CPU
		{AB7D63A4-8C46-461A-8953-8CE79B04238E}.Release|Any CPU.Build.0 = Release|Any CPU
		{6449F0B1-8537-41D5-8671-AF01D29EB8B1}.Debug|Any CPU.ActiveCfg = Debug|Any CPU
		{6449F0B1-8537-41D5-8671-AF01D29EB8B1}.Debug|Any CPU.Build.0 = Debug|Any CPU
		{6449F0B1-8537-41D5-8671-AF01D29EB8B1}.Release|Any CPU.ActiveCfg = Release|Any CPU
		{6449F0B1-8537-41D5-8671-AF01D29EB8B1}.Release|Any CPU.Build.0 = Release|Any CPU
		{41018E02-990B-44FC-922D-2D1BB09C87AE}.Debug|Any CPU.ActiveCfg = Debug|Any CPU
		{41018E02-990B-44FC-922D-2D1BB09C87AE}.Debug|Any CPU.Build.0 = Debug|Any CPU
		{41018E02-990B-44FC-922D-2D1BB09C87AE}.Release|Any CPU.ActiveCfg = Release|Any CPU
		{41018E02-990B-44FC-922D-2D1BB09C87AE}.Release|Any CPU.Build.0 = Release|Any CPU
		{FE93E3E5-2570-4BA5-8903-9416039F787A}.Debug|Any CPU.ActiveCfg = Debug|Any CPU
		{FE93E3E5-2570-4BA5-8903-9416039F787A}.Debug|Any CPU.Build.0 = Debug|Any CPU
		{FE93E3E5-2570-4BA5-8903-9416039F787A}.Release|Any CPU.ActiveCfg = Release|Any CPU
		{FE93E3E5-2570-4BA5-8903-9416039F787A}.Release|Any CPU.Build.0 = Release|Any CPU
	EndGlobalSection
	GlobalSection(SolutionProperties) = preSolution
		HideSolutionNode = FALSE
	EndGlobalSection
	GlobalSection(ExtensibilityGlobals) = postSolution
		SolutionGuid = {92CA9CAD-2DFF-49EB-9A5B-14AEC8042A07}
	EndGlobalSection
EndGlobal
